
Microsoft Visual Studio Solution File, Format Version 12.00
Project("{FAE04EC0-301F-11D3-BF4B-00C04F79EFBC}") = "Converter.HtmlToPdf", "Converter.HtmlToPdf\Converter.HtmlToPdf.csproj", "{361D4FF3-23D6-499A-83ED-30E35CEE02CD}"
EndProject
Global
	GlobalSection(SolutionConfigurationPlatforms) = preSolution
		Debug|Any CPU = Debug|Any CPU
		Release|Any CPU = Release|Any CPU
	EndGlobalSection
	GlobalSection(ProjectConfigurationPlatforms) = postSolution
		{361D4FF3-23D6-499A-83ED-30E35CEE02CD}.Debug|Any CPU.ActiveCfg = Debug|Any CPU
		{361D4FF3-23D6-499A-83ED-30E35CEE02CD}.Debug|Any CPU.Build.0 = Debug|Any CPU
		{361D4FF3-23D6-499A-83ED-30E35CEE02CD}.Release|Any CPU.ActiveCfg = Release|Any CPU
		{361D4FF3-23D6-499A-83ED-30E35CEE02CD}.Release|Any CPU.Build.0 = Release|Any CPU
	EndGlobalSection
EndGlobal
